// !$*UTF8*$!
{
	archiveVersion = 1;
	classes = {
	};
	objectVersion = 55;
	objects = {

/* Begin PBXBuildFile section */
		3567945328A8180800356AA4 /* NY_TimesTests.swift in Sources */ = {isa = PBXBuildFile; fileRef = 3567945228A8180800356AA4 /* NY_TimesTests.swift */; };
		3580DBA028A512BE00DECEC8 /* MostPopularNewsModel.swift in Sources */ = {isa = PBXBuildFile; fileRef = 3580DB9F28A512BE00DECEC8 /* MostPopularNewsModel.swift */; };
		3580DBA228A513A600DECEC8 /* NetworkHandler.swift in Sources */ = {isa = PBXBuildFile; fileRef = 3580DBA128A513A600DECEC8 /* NetworkHandler.swift */; };
		3580DBA528A519B600DECEC8 /* NetworkRequest.swift in Sources */ = {isa = PBXBuildFile; fileRef = 3580DBA428A519B600DECEC8 /* NetworkRequest.swift */; };
		3580DBA928A5522200DECEC8 /* NewsTableViewCell.swift in Sources */ = {isa = PBXBuildFile; fileRef = 3580DBA728A5522200DECEC8 /* NewsTableViewCell.swift */; };
		3580DBAA28A5522200DECEC8 /* NewsTableViewCell.xib in Resources */ = {isa = PBXBuildFile; fileRef = 3580DBA828A5522200DECEC8 /* NewsTableViewCell.xib */; };
		3589576F28A3F74D00E3A3D8 /* AppDelegate.swift in Sources */ = {isa = PBXBuildFile; fileRef = 3589576E28A3F74D00E3A3D8 /* AppDelegate.swift */; };
		3589577128A3F74D00E3A3D8 /* SceneDelegate.swift in Sources */ = {isa = PBXBuildFile; fileRef = 3589577028A3F74D00E3A3D8 /* SceneDelegate.swift */; };
		3589577328A3F74D00E3A3D8 /* DashboardViewController.swift in Sources */ = {isa = PBXBuildFile; fileRef = 3589577228A3F74D00E3A3D8 /* DashboardViewController.swift */; };
		3589577628A3F74D00E3A3D8 /* Main.storyboard in Resources */ = {isa = PBXBuildFile; fileRef = 3589577428A3F74D00E3A3D8 /* Main.storyboard */; };
		3589577828A3F74F00E3A3D8 /* Assets.xcassets in Resources */ = {isa = PBXBuildFile; fileRef = 3589577728A3F74F00E3A3D8 /* Assets.xcassets */; };
		3589577B28A3F74F00E3A3D8 /* LaunchScreen.storyboard in Resources */ = {isa = PBXBuildFile; fileRef = 3589577928A3F74F00E3A3D8 /* LaunchScreen.storyboard */; };
		3589578328A3FE1900E3A3D8 /* DashboardViewModel.swift in Sources */ = {isa = PBXBuildFile; fileRef = 3589578228A3FE1900E3A3D8 /* DashboardViewModel.swift */; };
		3589578528A4088600E3A3D8 /* Observable.swift in Sources */ = {isa = PBXBuildFile; fileRef = 3589578428A4088600E3A3D8 /* Observable.swift */; };
		3589685E28A6E06D00864279 /* DetailsViewController.swift in Sources */ = {isa = PBXBuildFile; fileRef = 3589685D28A6E06C00864279 /* DetailsViewController.swift */; };
		3589686028A6E0AC00864279 /* Factory.swift in Sources */ = {isa = PBXBuildFile; fileRef = 3589685F28A6E0AC00864279 /* Factory.swift */; };
		3589686228A6E27500864279 /* NavigationManager.swift in Sources */ = {isa = PBXBuildFile; fileRef = 3589686128A6E27500864279 /* NavigationManager.swift */; };
		446C454525F3D5360A9665A6 /* Pods_NY_Times.framework in Frameworks */ = {isa = PBXBuildFile; fileRef = AD77454C8DFF159DE98BE4F3 /* Pods_NY_Times.framework */; };
/* End PBXBuildFile section */

/* Begin PBXContainerItemProxy section */
		3567945428A8180800356AA4 /* PBXContainerItemProxy */ = {
			isa = PBXContainerItemProxy;
			containerPortal = 3589576328A3F74D00E3A3D8 /* Project object */;
			proxyType = 1;
			remoteGlobalIDString = 3589576A28A3F74D00E3A3D8;
			remoteInfo = "NY Times";
		};
/* End PBXContainerItemProxy section */

/* Begin PBXFileReference section */
		3567945028A8180800356AA4 /* NY TimesTests.xctest */ = {isa = PBXFileReference; explicitFileType = wrapper.cfbundle; includeInIndex = 0; path = "NY TimesTests.xctest"; sourceTree = BUILT_PRODUCTS_DIR; };
		3567945228A8180800356AA4 /* NY_TimesTests.swift */ = {isa = PBXFileReference; lastKnownFileType = sourcecode.swift; path = NY_TimesTests.swift; sourceTree = "<group>"; };
		3580DB9F28A512BE00DECEC8 /* MostPopularNewsModel.swift */ = {isa = PBXFileReference; lastKnownFileType = sourcecode.swift; path = MostPopularNewsModel.swift; sourceTree = "<group>"; };
		3580DBA128A513A600DECEC8 /* NetworkHandler.swift */ = {isa = PBXFileReference; lastKnownFileType = sourcecode.swift; path = NetworkHandler.swift; sourceTree = "<group>"; };
		3580DBA428A519B600DECEC8 /* NetworkRequest.swift */ = {isa = PBXFileReference; lastKnownFileType = sourcecode.swift; path = NetworkRequest.swift; sourceTree = "<group>"; };
		3580DBA728A5522200DECEC8 /* NewsTableViewCell.swift */ = {isa = PBXFileReference; lastKnownFileType = sourcecode.swift; path = NewsTableViewCell.swift; sourceTree = "<group>"; };
		3580DBA828A5522200DECEC8 /* NewsTableViewCell.xib */ = {isa = PBXFileReference; lastKnownFileType = file.xib; path = NewsTableViewCell.xib; sourceTree = "<group>"; };
		3589576B28A3F74D00E3A3D8 /* NY Times.app */ = {isa = PBXFileReference; explicitFileType = wrapper.application; includeInIndex = 0; path = "NY Times.app"; sourceTree = BUILT_PRODUCTS_DIR; };
		3589576E28A3F74D00E3A3D8 /* AppDelegate.swift */ = {isa = PBXFileReference; lastKnownFileType = sourcecode.swift; path = AppDelegate.swift; sourceTree = "<group>"; };
		3589577028A3F74D00E3A3D8 /* SceneDelegate.swift */ = {isa = PBXFileReference; lastKnownFileType = sourcecode.swift; path = SceneDelegate.swift; sourceTree = "<group>"; };
		3589577228A3F74D00E3A3D8 /* DashboardViewController.swift */ = {isa = PBXFileReference; lastKnownFileType = sourcecode.swift; path = DashboardViewController.swift; sourceTree = "<group>"; };
		3589577528A3F74D00E3A3D8 /* Base */ = {isa = PBXFileReference; lastKnownFileType = file.storyboard; name = Base; path = Base.lproj/Main.storyboard; sourceTree = "<group>"; };
		3589577728A3F74F00E3A3D8 /* Assets.xcassets */ = {isa = PBXFileReference; lastKnownFileType = folder.assetcatalog; path = Assets.xcassets; sourceTree = "<group>"; };
		3589577A28A3F74F00E3A3D8 /* Base */ = {isa = PBXFileReference; lastKnownFileType = file.storyboard; name = Base; path = Base.lproj/LaunchScreen.storyboard; sourceTree = "<group>"; };
		3589577C28A3F74F00E3A3D8 /* Info.plist */ = {isa = PBXFileReference; lastKnownFileType = text.plist.xml; path = Info.plist; sourceTree = "<group>"; };
		3589578228A3FE1900E3A3D8 /* DashboardViewModel.swift */ = {isa = PBXFileReference; lastKnownFileType = sourcecode.swift; path = DashboardViewModel.swift; sourceTree = "<group>"; };
		3589578428A4088600E3A3D8 /* Observable.swift */ = {isa = PBXFileReference; lastKnownFileType = sourcecode.swift; path = Observable.swift; sourceTree = "<group>"; };
		3589685D28A6E06C00864279 /* DetailsViewController.swift */ = {isa = PBXFileReference; lastKnownFileType = sourcecode.swift; path = DetailsViewController.swift; sourceTree = "<group>"; };
		3589685F28A6E0AC00864279 /* Factory.swift */ = {isa = PBXFileReference; lastKnownFileType = sourcecode.swift; path = Factory.swift; sourceTree = "<group>"; };
		3589686128A6E27500864279 /* NavigationManager.swift */ = {isa = PBXFileReference; lastKnownFileType = sourcecode.swift; path = NavigationManager.swift; sourceTree = "<group>"; };
		AD77454C8DFF159DE98BE4F3 /* Pods_NY_Times.framework */ = {isa = PBXFileReference; explicitFileType = wrapper.framework; includeInIndex = 0; path = Pods_NY_Times.framework; sourceTree = BUILT_PRODUCTS_DIR; };
		D1046703BA601ACF9BDB15A1 /* Pods-NY Times.release.xcconfig */ = {isa = PBXFileReference; includeInIndex = 1; lastKnownFileType = text.xcconfig; name = "Pods-NY Times.release.xcconfig"; path = "Target Support Files/Pods-NY Times/Pods-NY Times.release.xcconfig"; sourceTree = "<group>"; };
		E94146377BA18C7F8CD439CF /* Pods-NY Times.debug.xcconfig */ = {isa = PBXFileReference; includeInIndex = 1; lastKnownFileType = text.xcconfig; name = "Pods-NY Times.debug.xcconfig"; path = "Target Support Files/Pods-NY Times/Pods-NY Times.debug.xcconfig"; sourceTree = "<group>"; };
/* End PBXFileReference section */

/* Begin PBXFrameworksBuildPhase section */
		3567944D28A8180800356AA4 /* Frameworks */ = {
			isa = PBXFrameworksBuildPhase;
			buildActionMask = 2147483647;
			files = (
			);
			runOnlyForDeploymentPostprocessing = 0;
		};
		3589576828A3F74D00E3A3D8 /* Frameworks */ = {
			isa = PBXFrameworksBuildPhase;
			buildActionMask = 2147483647;
			files = (
				446C454525F3D5360A9665A6 /* Pods_NY_Times.framework in Frameworks */,
			);
			runOnlyForDeploymentPostprocessing = 0;
		};
/* End PBXFrameworksBuildPhase section */

/* Begin PBXGroup section */
		3567945128A8180800356AA4 /* NY TimesTests */ = {
			isa = PBXGroup;
			children = (
				3567945228A8180800356AA4 /* NY_TimesTests.swift */,
			);
			path = "NY TimesTests";
			sourceTree = "<group>";
		};
		3580DBA328A5198E00DECEC8 /* Network */ = {
			isa = PBXGroup;
			children = (
				3580DBA128A513A600DECEC8 /* NetworkHandler.swift */,
				3580DBA428A519B600DECEC8 /* NetworkRequest.swift */,
			);
			path = Network;
			sourceTree = "<group>";
		};
		3580DBA628A551A300DECEC8 /* Dashboard */ = {
			isa = PBXGroup;
			children = (
				3580DBA728A5522200DECEC8 /* NewsTableViewCell.swift */,
				3580DBA828A5522200DECEC8 /* NewsTableViewCell.xib */,
				3589577228A3F74D00E3A3D8 /* DashboardViewController.swift */,
				3589578228A3FE1900E3A3D8 /* DashboardViewModel.swift */,
			);
			path = Dashboard;
			sourceTree = "<group>";
		};
		3589576228A3F74D00E3A3D8 = {
			isa = PBXGroup;
			children = (
				3589576D28A3F74D00E3A3D8 /* NY Times */,
				3567945128A8180800356AA4 /* NY TimesTests */,
				3589576C28A3F74D00E3A3D8 /* Products */,
				AF57A0FC898F8E45CDF4FB44 /* Pods */,
				68AE0CACE998FE0DA2623457 /* Frameworks */,
			);
			sourceTree = "<group>";
		};
		3589576C28A3F74D00E3A3D8 /* Products */ = {
			isa = PBXGroup;
			children = (
				3589576B28A3F74D00E3A3D8 /* NY Times.app */,
				3567945028A8180800356AA4 /* NY TimesTests.xctest */,
			);
			name = Products;
			sourceTree = "<group>";
		};
		3589576D28A3F74D00E3A3D8 /* NY Times */ = {
			isa = PBXGroup;
			children = (
				3589686528A6E73100864279 /* Models */,
				3580DBA328A5198E00DECEC8 /* Network */,
				3589686428A6E6F500864279 /* Navigation */,
				3580DBA628A551A300DECEC8 /* Dashboard */,
				3589685C28A6E04300864279 /* DetailedScreen */,
				3589686328A6E69B00864279 /* Utilities */,
				3589577C28A3F74F00E3A3D8 /* Info.plist */,
			);
			path = "NY Times";
			sourceTree = "<group>";
		};
		3589685C28A6E04300864279 /* DetailedScreen */ = {
			isa = PBXGroup;
			children = (
				3589685D28A6E06C00864279 /* DetailsViewController.swift */,
			);
			path = DetailedScreen;
			sourceTree = "<group>";
		};
		3589686328A6E69B00864279 /* Utilities */ = {
			isa = PBXGroup;
			children = (
				3589576E28A3F74D00E3A3D8 /* AppDelegate.swift */,
				3589577028A3F74D00E3A3D8 /* SceneDelegate.swift */,
				3589578428A4088600E3A3D8 /* Observable.swift */,
				3589577428A3F74D00E3A3D8 /* Main.storyboard */,
				3589577728A3F74F00E3A3D8 /* Assets.xcassets */,
				3589577928A3F74F00E3A3D8 /* LaunchScreen.storyboard */,
			);
			path = Utilities;
			sourceTree = "<group>";
		};
		3589686428A6E6F500864279 /* Navigation */ = {
			isa = PBXGroup;
			children = (
				3589686128A6E27500864279 /* NavigationManager.swift */,
				3589685F28A6E0AC00864279 /* Factory.swift */,
			);
			path = Navigation;
			sourceTree = "<group>";
		};
		3589686528A6E73100864279 /* Models */ = {
			isa = PBXGroup;
			children = (
				3580DB9F28A512BE00DECEC8 /* MostPopularNewsModel.swift */,
			);
			path = Models;
			sourceTree = "<group>";
		};
		68AE0CACE998FE0DA2623457 /* Frameworks */ = {
			isa = PBXGroup;
			children = (
				AD77454C8DFF159DE98BE4F3 /* Pods_NY_Times.framework */,
			);
			name = Frameworks;
			sourceTree = "<group>";
		};
		AF57A0FC898F8E45CDF4FB44 /* Pods */ = {
			isa = PBXGroup;
			children = (
				E94146377BA18C7F8CD439CF /* Pods-NY Times.debug.xcconfig */,
				D1046703BA601ACF9BDB15A1 /* Pods-NY Times.release.xcconfig */,
			);
			path = Pods;
			sourceTree = "<group>";
		};
/* End PBXGroup section */

/* Begin PBXNativeTarget section */
		3567944F28A8180800356AA4 /* NY TimesTests */ = {
			isa = PBXNativeTarget;
			buildConfigurationList = 3567945828A8180800356AA4 /* Build configuration list for PBXNativeTarget "NY TimesTests" */;
			buildPhases = (
				3567944C28A8180800356AA4 /* Sources */,
				3567944D28A8180800356AA4 /* Frameworks */,
				3567944E28A8180800356AA4 /* Resources */,
			);
			buildRules = (
			);
			dependencies = (
				3567945528A8180800356AA4 /* PBXTargetDependency */,
			);
			name = "NY TimesTests";
			productName = "NY TimesTests";
			productReference = 3567945028A8180800356AA4 /* NY TimesTests.xctest */;
			productType = "com.apple.product-type.bundle.unit-test";
		};
		3589576A28A3F74D00E3A3D8 /* NY Times */ = {
			isa = PBXNativeTarget;
			buildConfigurationList = 3589577F28A3F74F00E3A3D8 /* Build configuration list for PBXNativeTarget "NY Times" */;
			buildPhases = (
				E61687C24487FC57AD40822F /* [CP] Check Pods Manifest.lock */,
				3589576728A3F74D00E3A3D8 /* Sources */,
				3589576828A3F74D00E3A3D8 /* Frameworks */,
				3589576928A3F74D00E3A3D8 /* Resources */,
				0443182FDCF1257FB3DCFECC /* [CP] Embed Pods Frameworks */,
			);
			buildRules = (
			);
			dependencies = (
			);
			name = "NY Times";
			productName = "NY Times";
			productReference = 3589576B28A3F74D00E3A3D8 /* NY Times.app */;
			productType = "com.apple.product-type.application";
		};
/* End PBXNativeTarget section */

/* Begin PBXProject section */
		3589576328A3F74D00E3A3D8 /* Project object */ = {
			isa = PBXProject;
			attributes = {
				BuildIndependentTargetsInParallel = 1;
				LastSwiftUpdateCheck = 1340;
				LastUpgradeCheck = 1340;
				TargetAttributes = {
					3567944F28A8180800356AA4 = {
						CreatedOnToolsVersion = 13.4.1;
						TestTargetID = 3589576A28A3F74D00E3A3D8;
					};
					3589576A28A3F74D00E3A3D8 = {
						CreatedOnToolsVersion = 13.4.1;
					};
				};
			};
			buildConfigurationList = 3589576628A3F74D00E3A3D8 /* Build configuration list for PBXProject "NY Times" */;
			compatibilityVersion = "Xcode 13.0";
			developmentRegion = en;
			hasScannedForEncodings = 0;
			knownRegions = (
				en,
				Base,
			);
			mainGroup = 3589576228A3F74D00E3A3D8;
			productRefGroup = 3589576C28A3F74D00E3A3D8 /* Products */;
			projectDirPath = "";
			projectRoot = "";
			targets = (
				3589576A28A3F74D00E3A3D8 /* NY Times */,
				3567944F28A8180800356AA4 /* NY TimesTests */,
			);
		};
/* End PBXProject section */

/* Begin PBXResourcesBuildPhase section */
		3567944E28A8180800356AA4 /* Resources */ = {
			isa = PBXResourcesBuildPhase;
			buildActionMask = 2147483647;
			files = (
			);
			runOnlyForDeploymentPostprocessing = 0;
		};
		3589576928A3F74D00E3A3D8 /* Resources */ = {
			isa = PBXResourcesBuildPhase;
			buildActionMask = 2147483647;
			files = (
				3589577B28A3F74F00E3A3D8 /* LaunchScreen.storyboard in Resources */,
				3589577828A3F74F00E3A3D8 /* Assets.xcassets in Resources */,
				3580DBAA28A5522200DECEC8 /* NewsTableViewCell.xib in Resources */,
				3589577628A3F74D00E3A3D8 /* Main.storyboard in Resources */,
			);
			runOnlyForDeploymentPostprocessing = 0;
		};
/* End PBXResourcesBuildPhase section */

/* Begin PBXShellScriptBuildPhase section */
		0443182FDCF1257FB3DCFECC /* [CP] Embed Pods Frameworks */ = {
			isa = PBXShellScriptBuildPhase;
			buildActionMask = 2147483647;
			files = (
			);
			inputFileListPaths = (
				"${PODS_ROOT}/Target Support Files/Pods-NY Times/Pods-NY Times-frameworks-${CONFIGURATION}-input-files.xcfilelist",
			);
			name = "[CP] Embed Pods Frameworks";
			outputFileListPaths = (
				"${PODS_ROOT}/Target Support Files/Pods-NY Times/Pods-NY Times-frameworks-${CONFIGURATION}-output-files.xcfilelist",
			);
			runOnlyForDeploymentPostprocessing = 0;
			shellPath = /bin/sh;
			shellScript = "\"${PODS_ROOT}/Target Support Files/Pods-NY Times/Pods-NY Times-frameworks.sh\"\n";
			showEnvVarsInLog = 0;
		};
		E61687C24487FC57AD40822F /* [CP] Check Pods Manifest.lock */ = {
			isa = PBXShellScriptBuildPhase;
			buildActionMask = 2147483647;
			files = (
			);
			inputFileListPaths = (
			);
			inputPaths = (
				"${PODS_PODFILE_DIR_PATH}/Podfile.lock",
				"${PODS_ROOT}/Manifest.lock",
			);
			name = "[CP] Check Pods Manifest.lock";
			outputFileListPaths = (
			);
			outputPaths = (
				"$(DERIVED_FILE_DIR)/Pods-NY Times-checkManifestLockResult.txt",
			);
			runOnlyForDeploymentPostprocessing = 0;
			shellPath = /bin/sh;
			shellScript = "diff \"${PODS_PODFILE_DIR_PATH}/Podfile.lock\" \"${PODS_ROOT}/Manifest.lock\" > /dev/null\nif [ $? != 0 ] ; then\n    # print error to STDERR\n    echo \"error: The sandbox is not in sync with the Podfile.lock. Run 'pod install' or update your CocoaPods installation.\" >&2\n    exit 1\nfi\n# This output is used by Xcode 'outputs' to avoid re-running this script phase.\necho \"SUCCESS\" > \"${SCRIPT_OUTPUT_FILE_0}\"\n";
			showEnvVarsInLog = 0;
		};
/* End PBXShellScriptBuildPhase section */

/* Begin PBXSourcesBuildPhase section */
		3567944C28A8180800356AA4 /* Sources */ = {
			isa = PBXSourcesBuildPhase;
			buildActionMask = 2147483647;
			files = (
				3567945328A8180800356AA4 /* NY_TimesTests.swift in Sources */,
			);
			runOnlyForDeploymentPostprocessing = 0;
		};
		3589576728A3F74D00E3A3D8 /* Sources */ = {
			isa = PBXSourcesBuildPhase;
			buildActionMask = 2147483647;
			files = (
				3589577328A3F74D00E3A3D8 /* DashboardViewController.swift in Sources */,
				3589578528A4088600E3A3D8 /* Observable.swift in Sources */,
				3589686028A6E0AC00864279 /* Factory.swift in Sources */,
				3580DBA528A519B600DECEC8 /* NetworkRequest.swift in Sources */,
				3589576F28A3F74D00E3A3D8 /* AppDelegate.swift in Sources */,
				3589686228A6E27500864279 /* NavigationManager.swift in Sources */,
				3589577128A3F74D00E3A3D8 /* SceneDelegate.swift in Sources */,
				3589578328A3FE1900E3A3D8 /* DashboardViewModel.swift in Sources */,
				3580DBA028A512BE00DECEC8 /* MostPopularNewsModel.swift in Sources */,
				3580DBA228A513A600DECEC8 /* NetworkHandler.swift in Sources */,
				3580DBA928A5522200DECEC8 /* NewsTableViewCell.swift in Sources */,
				3589685E28A6E06D00864279 /* DetailsViewController.swift in Sources */,
			);
			runOnlyForDeploymentPostprocessing = 0;
		};
/* End PBXSourcesBuildPhase section */

/* Begin PBXTargetDependency section */
		3567945528A8180800356AA4 /* PBXTargetDependency */ = {
			isa = PBXTargetDependency;
			target = 3589576A28A3F74D00E3A3D8 /* NY Times */;
			targetProxy = 3567945428A8180800356AA4 /* PBXContainerItemProxy */;
		};
/* End PBXTargetDependency section */

/* Begin PBXVariantGroup section */
		3589577428A3F74D00E3A3D8 /* Main.storyboard */ = {
			isa = PBXVariantGroup;
			children = (
				3589577528A3F74D00E3A3D8 /* Base */,
			);
			name = Main.storyboard;
			sourceTree = "<group>";
		};
		3589577928A3F74F00E3A3D8 /* LaunchScreen.storyboard */ = {
			isa = PBXVariantGroup;
			children = (
				3589577A28A3F74F00E3A3D8 /* Base */,
			);
			name = LaunchScreen.storyboard;
			sourceTree = "<group>";
		};
/* End PBXVariantGroup section */

/* Begin XCBuildConfiguration section */
		3567945628A8180800356AA4 /* Debug */ = {
			isa = XCBuildConfiguration;
			buildSettings = {
				BUNDLE_LOADER = "$(TEST_HOST)";
				CODE_SIGN_STYLE = Automatic;
				CURRENT_PROJECT_VERSION = 1;
				DEVELOPMENT_TEAM = 8S49K8U3C3;
				GENERATE_INFOPLIST_FILE = YES;
				MARKETING_VERSION = 1.0;
				PRODUCT_BUNDLE_IDENTIFIER = "Zaki.NY-TimesTests";
				PRODUCT_NAME = "$(TARGET_NAME)";
				SWIFT_EMIT_LOC_STRINGS = NO;
				SWIFT_VERSION = 5.0;
				TARGETED_DEVICE_FAMILY = "1,2";
				TEST_HOST = "$(BUILT_PRODUCTS_DIR)/NY Times.app/NY Times";
			};
			name = Debug;
		};
		3567945728A8180800356AA4 /* Release */ = {
			isa = XCBuildConfiguration;
			buildSettings = {
				BUNDLE_LOADER = "$(TEST_HOST)";
				CODE_SIGN_STYLE = Automatic;
				CURRENT_PROJECT_VERSION = 1;
				DEVELOPMENT_TEAM = 8S49K8U3C3;
				GENERATE_INFOPLIST_FILE = YES;
				MARKETING_VERSION = 1.0;
				PRODUCT_BUNDLE_IDENTIFIER = "Zaki.NY-TimesTests";
				PRODUCT_NAME = "$(TARGET_NAME)";
				SWIFT_EMIT_LOC_STRINGS = NO;
				SWIFT_VERSION = 5.0;
				TARGETED_DEVICE_FAMILY = "1,2";
				TEST_HOST = "$(BUILT_PRODUCTS_DIR)/NY Times.app/NY Times";
			};
			name = Release;
		};
		3589577D28A3F74F00E3A3D8 /* Debug */ = {
			isa = XCBuildConfiguration;
			buildSettings = {
				ALWAYS_SEARCH_USER_PATHS = NO;
				CLANG_ANALYZER_NONNULL = YES;
				CLANG_ANALYZER_NUMBER_OBJECT_CONVERSION = YES_AGGRESSIVE;
				CLANG_CXX_LANGUAGE_STANDARD = "gnu++17";
				CLANG_ENABLE_MODULES = YES;
				CLANG_ENABLE_OBJC_ARC = YES;
				CLANG_ENABLE_OBJC_WEAK = YES;
				CLANG_WARN_BLOCK_CAPTURE_AUTORELEASING = YES;
				CLANG_WARN_BOOL_CONVERSION = YES;
				CLANG_WARN_COMMA = YES;
				CLANG_WARN_CONSTANT_CONVERSION = YES;
				CLANG_WARN_DEPRECATED_OBJC_IMPLEMENTATIONS = YES;
				CLANG_WARN_DIRECT_OBJC_ISA_USAGE = YES_ERROR;
				CLANG_WARN_DOCUMENTATION_COMMENTS = YES;
				CLANG_WARN_EMPTY_BODY = YES;
				CLANG_WARN_ENUM_CONVERSION = YES;
				CLANG_WARN_INFINITE_RECURSION = YES;
				CLANG_WARN_INT_CONVERSION = YES;
				CLANG_WARN_NON_LITERAL_NULL_CONVERSION = YES;
				CLANG_WARN_OBJC_IMPLICIT_RETAIN_SELF = YES;
				CLANG_WARN_OBJC_LITERAL_CONVERSION = YES;
				CLANG_WARN_OBJC_ROOT_CLASS = YES_ERROR;
				CLANG_WARN_QUOTED_INCLUDE_IN_FRAMEWORK_HEADER = YES;
				CLANG_WARN_RANGE_LOOP_ANALYSIS = YES;
				CLANG_WARN_STRICT_PROTOTYPES = YES;
				CLANG_WARN_SUSPICIOUS_MOVE = YES;
				CLANG_WARN_UNGUARDED_AVAILABILITY = YES_AGGRESSIVE;
				CLANG_WARN_UNREACHABLE_CODE = YES;
				CLANG_WARN__DUPLICATE_METHOD_MATCH = YES;
				COPY_PHASE_STRIP = NO;
				DEBUG_INFORMATION_FORMAT = dwarf;
				ENABLE_STRICT_OBJC_MSGSEND = YES;
				ENABLE_TESTABILITY = YES;
				GCC_C_LANGUAGE_STANDARD = gnu11;
				GCC_DYNAMIC_NO_PIC = NO;
				GCC_NO_COMMON_BLOCKS = YES;
				GCC_OPTIMIZATION_LEVEL = 0;
				GCC_PREPROCESSOR_DEFINITIONS = (
					"DEBUG=1",
					"$(inherited)",
				);
				GCC_WARN_64_TO_32_BIT_CONVERSION = YES;
				GCC_WARN_ABOUT_RETURN_TYPE = YES_ERROR;
				GCC_WARN_UNDECLARED_SELECTOR = YES;
				GCC_WARN_UNINITIALIZED_AUTOS = YES_AGGRESSIVE;
				GCC_WARN_UNUSED_FUNCTION = YES;
				GCC_WARN_UNUSED_VARIABLE = YES;
				IPHONEOS_DEPLOYMENT_TARGET = 15.5;
				MTL_ENABLE_DEBUG_INFO = INCLUDE_SOURCE;
				MTL_FAST_MATH = YES;
				ONLY_ACTIVE_ARCH = YES;
				SDKROOT = iphoneos;
				SWIFT_ACTIVE_COMPILATION_CONDITIONS = DEBUG;
				SWIFT_OPTIMIZATION_LEVEL = "-Onone";
			};
			name = Debug;
		};
		3589577E28A3F74F00E3A3D8 /* Release */ = {
			isa = XCBuildConfiguration;
			buildSettings = {
				ALWAYS_SEARCH_USER_PATHS = NO;
				CLANG_ANALYZER_NONNULL = YES;
				CLANG_ANALYZER_NUMBER_OBJECT_CONVERSION = YES_AGGRESSIVE;
				CLANG_CXX_LANGUAGE_STANDARD = "gnu++17";
				CLANG_ENABLE_MODULES = YES;
				CLANG_ENABLE_OBJC_ARC = YES;
				CLANG_ENABLE_OBJC_WEAK = YES;
				CLANG_WARN_BLOCK_CAPTURE_AUTORELEASING = YES;
				CLANG_WARN_BOOL_CONVERSION = YES;
				CLANG_WARN_COMMA = YES;
				CLANG_WARN_CONSTANT_CONVERSION = YES;
				CLANG_WARN_DEPRECATED_OBJC_IMPLEMENTATIONS = YES;
				CLANG_WARN_DIRECT_OBJC_ISA_USAGE = YES_ERROR;
				CLANG_WARN_DOCUMENTATION_COMMENTS = YES;
				CLANG_WARN_EMPTY_BODY = YES;
				CLANG_WARN_ENUM_CONVERSION = YES;
				CLANG_WARN_INFINITE_RECURSION = YES;
				CLANG_WARN_INT_CONVERSION = YES;
				CLANG_WARN_NON_LITERAL_NULL_CONVERSION = YES;
				CLANG_WARN_OBJC_IMPLICIT_RETAIN_SELF = YES;
				CLANG_WARN_OBJC_LITERAL_CONVERSION = YES;
				CLANG_WARN_OBJC_ROOT_CLASS = YES_ERROR;
				CLANG_WARN_QUOTED_INCLUDE_IN_FRAMEWORK_HEADER = YES;
				CLANG_WARN_RANGE_LOOP_ANALYSIS = YES;
				CLANG_WARN_STRICT_PROTOTYPES = YES;
				CLANG_WARN_SUSPICIOUS_MOVE = YES;
				CLANG_WARN_UNGUARDED_AVAILABILITY = YES_AGGRESSIVE;
				CLANG_WARN_UNREACHABLE_CODE = YES;
				CLANG_WARN__DUPLICATE_METHOD_MATCH = YES;
				COPY_PHASE_STRIP = NO;
				DEBUG_INFORMATION_FORMAT = "dwarf-with-dsym";
				ENABLE_NS_ASSERTIONS = NO;
				ENABLE_STRICT_OBJC_MSGSEND = YES;
				GCC_C_LANGUAGE_STANDARD = gnu11;
				GCC_NO_COMMON_BLOCKS = YES;
				GCC_WARN_64_TO_32_BIT_CONVERSION = YES;
				GCC_WARN_ABOUT_RETURN_TYPE = YES_ERROR;
				GCC_WARN_UNDECLARED_SELECTOR = YES;
				GCC_WARN_UNINITIALIZED_AUTOS = YES_AGGRESSIVE;
				GCC_WARN_UNUSED_FUNCTION = YES;
				GCC_WARN_UNUSED_VARIABLE = YES;
				IPHONEOS_DEPLOYMENT_TARGET = 15.5;
				MTL_ENABLE_DEBUG_INFO = NO;
				MTL_FAST_MATH = YES;
				SDKROOT = iphoneos;
				SWIFT_COMPILATION_MODE = wholemodule;
				SWIFT_OPTIMIZATION_LEVEL = "-O";
				VALIDATE_PRODUCT = YES;
			};
			name = Release;
		};
		3589578028A3F74F00E3A3D8 /* Debug */ = {
			isa = XCBuildConfiguration;
			baseConfigurationReference = E94146377BA18C7F8CD439CF /* Pods-NY Times.debug.xcconfig */;
			buildSettings = {
				ASSETCATALOG_COMPILER_APPICON_NAME = AppIcon;
				ASSETCATALOG_COMPILER_GLOBAL_ACCENT_COLOR_NAME = AccentColor;
				CODE_SIGN_STYLE = Automatic;
				CURRENT_PROJECT_VERSION = 1;
				DEVELOPMENT_TEAM = 8S49K8U3C3;
				GENERATE_INFOPLIST_FILE = YES;
				INFOPLIST_FILE = "NY Times/Info.plist";
				INFOPLIST_KEY_UIApplicationSupportsIndirectInputEvents = YES;
				INFOPLIST_KEY_UILaunchStoryboardName = LaunchScreen;
				INFOPLIST_KEY_UIMainStoryboardFile = Main;
				INFOPLIST_KEY_UISupportedInterfaceOrientations_iPad = "UIInterfaceOrientationPortrait UIInterfaceOrientationPortraitUpsideDown UIInterfaceOrientationLandscapeLeft UIInterfaceOrientationLandscapeRight";
				INFOPLIST_KEY_UISupportedInterfaceOrientations_iPhone = "UIInterfaceOrientationPortrait UIInterfaceOrientationLandscapeLeft UIInterfaceOrientationLandscapeRight";
				LD_RUNPATH_SEARCH_PATHS = (
					"$(inherited)",
					"@executable_path/Frameworks",
				);
				MARKETING_VERSION = 1.0;
				PRODUCT_BUNDLE_IDENTIFIER = "Zaki.NY-Times";
				PRODUCT_NAME = "$(TARGET_NAME)";
				SWIFT_EMIT_LOC_STRINGS = YES;
				SWIFT_VERSION = 5.0;
				TARGETED_DEVICE_FAMILY = "1,2";
			};
			name = Debug;
		};
		3589578128A3F74F00E3A3D8 /* Release */ = {
			isa = XCBuildConfiguration;
			baseConfigurationReference = D1046703BA601ACF9BDB15A1 /* Pods-NY Times.release.xcconfig */;
			buildSettings = {
				ASSETCATALOG_COMPILER_APPICON_NAME = AppIcon;
				ASSETCATALOG_COMPILER_GLOBAL_ACCENT_COLOR_NAME = AccentColor;
				CODE_SIGN_STYLE = Automatic;
				CURRENT_PROJECT_VERSION = 1;
				DEVELOPMENT_TEAM = 8S49K8U3C3;
				GENERATE_INFOPLIST_FILE = YES;
				INFOPLIST_FILE = "NY Times/Info.plist";
				INFOPLIST_KEY_UIApplicationSupportsIndirectInputEvents = YES;
				INFOPLIST_KEY_UILaunchStoryboardName = LaunchScreen;
				INFOPLIST_KEY_UIMainStoryboardFile = Main;
				INFOPLIST_KEY_UISupportedInterfaceOrientations_iPad = "UIInterfaceOrientationPortrait UIInterfaceOrientationPortraitUpsideDown UIInterfaceOrientationLandscapeLeft UIInterfaceOrientationLandscapeRight";
				INFOPLIST_KEY_UISupportedInterfaceOrientations_iPhone = "UIInterfaceOrientationPortrait UIInterfaceOrientationLandscapeLeft UIInterfaceOrientationLandscapeRight";
				LD_RUNPATH_SEARCH_PATHS = (
					"$(inherited)",
					"@executable_path/Frameworks",
				);
				MARKETING_VERSION = 1.0;
				PRODUCT_BUNDLE_IDENTIFIER = "Zaki.NY-Times";
				PRODUCT_NAME = "$(TARGET_NAME)";
				SWIFT_EMIT_LOC_STRINGS = YES;
				SWIFT_VERSION = 5.0;
				TARGETED_DEVICE_FAMILY = "1,2";
			};
			name = Release;
		};
/* End XCBuildConfiguration section */

/* Begin XCConfigurationList section */
		3567945828A8180800356AA4 /* Build configuration list for PBXNativeTarget "NY TimesTests" */ = {
			isa = XCConfigurationList;
			buildConfigurations = (
				3567945628A8180800356AA4 /* Debug */,
				3567945728A8180800356AA4 /* Release */,
			);
			defaultConfigurationIsVisible = 0;
			defaultConfigurationName = Release;
		};
		3589576628A3F74D00E3A3D8 /* Build configuration list for PBXProject "NY Times" */ = {
			isa = XCConfigurationList;
			buildConfigurations = (
				3589577D28A3F74F00E3A3D8 /* Debug */,
				3589577E28A3F74F00E3A3D8 /* Release */,
			);
			defaultConfigurationIsVisible = 0;
			defaultConfigurationName = Release;
		};
		3589577F28A3F74F00E3A3D8 /* Build configuration list for PBXNativeTarget "NY Times" */ = {
			isa = XCConfigurationList;
			buildConfigurations = (
				3589578028A3F74F00E3A3D8 /* Debug */,
				3589578128A3F74F00E3A3D8 /* Release */,
			);
			defaultConfigurationIsVisible = 0;
			defaultConfigurationName = Release;
		};
/* End XCConfigurationList section */
	};
	rootObject = 3589576328A3F74D00E3A3D8 /* Project object */;
}
